// !$*UTF8*$!
{
	archiveVersion = 1;
	classes = {
	};
	objectVersion = 50;
	objects = {

/* Begin PBXBuildFile section */
		01BBF70D23C6BF120019AA8C /* AppDelegate.swift in Sources */ = {isa = PBXBuildFile; fileRef = 01BBF70C23C6BF120019AA8C /* AppDelegate.swift */; };
		01BBF70F23C6BF120019AA8C /* SceneDelegate.swift in Sources */ = {isa = PBXBuildFile; fileRef = 01BBF70E23C6BF120019AA8C /* SceneDelegate.swift */; };
		01BBF71423C6BF120019AA8C /* Main.storyboard in Resources */ = {isa = PBXBuildFile; fileRef = 01BBF71223C6BF120019AA8C /* Main.storyboard */; };
		01BBF71623C6BF140019AA8C /* Assets.xcassets in Resources */ = {isa = PBXBuildFile; fileRef = 01BBF71523C6BF140019AA8C /* Assets.xcassets */; };
		01BBF71923C6BF140019AA8C /* LaunchScreen.storyboard in Resources */ = {isa = PBXBuildFile; fileRef = 01BBF71723C6BF140019AA8C /* LaunchScreen.storyboard */; };
		01BBF72523C6BF6F0019AA8C /* ContainerController.swift in Sources */ = {isa = PBXBuildFile; fileRef = 01BBF72423C6BF6F0019AA8C /* ContainerController.swift */; };
		01BBF72723C6BF770019AA8C /* HomeController.swift in Sources */ = {isa = PBXBuildFile; fileRef = 01BBF72623C6BF770019AA8C /* HomeController.swift */; };
		01BBF72923C6BF7F0019AA8C /* MenuController.swift in Sources */ = {isa = PBXBuildFile; fileRef = 01BBF72823C6BF7F0019AA8C /* MenuController.swift */; };
		01BBF72B23C6C62B0019AA8C /* Protocol.swift in Sources */ = {isa = PBXBuildFile; fileRef = 01BBF72A23C6C62B0019AA8C /* Protocol.swift */; };
		01BBF72D23C6CD740019AA8C /* MenuOptionCell.swift in Sources */ = {isa = PBXBuildFile; fileRef = 01BBF72C23C6CD740019AA8C /* MenuOptionCell.swift */; };
		01BBF72F23C6E38F0019AA8C /* MenuOption.swift in Sources */ = {isa = PBXBuildFile; fileRef = 01BBF72E23C6E38F0019AA8C /* MenuOption.swift */; };
		01BBF73123C6EC2F0019AA8C /* SettingController.swift in Sources */ = {isa = PBXBuildFile; fileRef = 01BBF73023C6EC2F0019AA8C /* SettingController.swift */; };
/* End PBXBuildFile section */

/* Begin PBXFileReference section */
		01BBF70923C6BF120019AA8C /* SideMenu.app */ = {isa = PBXFileReference; explicitFileType = wrapper.application; includeInIndex = 0; path = SideMenu.app; sourceTree = BUILT_PRODUCTS_DIR; };
		01BBF70C23C6BF120019AA8C /* AppDelegate.swift */ = {isa = PBXFileReference; lastKnownFileType = sourcecode.swift; path = AppDelegate.swift; sourceTree = "<group>"; };
		01BBF70E23C6BF120019AA8C /* SceneDelegate.swift */ = {isa = PBXFileReference; lastKnownFileType = sourcecode.swift; path = SceneDelegate.swift; sourceTree = "<group>"; };
		01BBF71323C6BF120019AA8C /* Base */ = {isa = PBXFileReference; lastKnownFileType = file.storyboard; name = Base; path = Base.lproj/Main.storyboard; sourceTree = "<group>"; };
		01BBF71523C6BF140019AA8C /* Assets.xcassets */ = {isa = PBXFileReference; lastKnownFileType = folder.assetcatalog; path = Assets.xcassets; sourceTree = "<group>"; };
		01BBF71823C6BF140019AA8C /* Base */ = {isa = PBXFileReference; lastKnownFileType = file.storyboard; name = Base; path = Base.lproj/LaunchScreen.storyboard; sourceTree = "<group>"; };
		01BBF71A23C6BF140019AA8C /* Info.plist */ = {isa = PBXFileReference; lastKnownFileType = text.plist.xml; path = Info.plist; sourceTree = "<group>"; };
		01BBF72423C6BF6F0019AA8C /* ContainerController.swift */ = {isa = PBXFileReference; lastKnownFileType = sourcecode.swift; path = ContainerController.swift; sourceTree = "<group>"; };
		01BBF72623C6BF770019AA8C /* HomeController.swift */ = {isa = PBXFileReference; lastKnownFileType = sourcecode.swift; path = HomeController.swift; sourceTree = "<group>"; };
		01BBF72823C6BF7F0019AA8C /* MenuController.swift */ = {isa = PBXFileReference; lastKnownFileType = sourcecode.swift; path = MenuController.swift; sourceTree = "<group>"; };
		01BBF72A23C6C62B0019AA8C /* Protocol.swift */ = {isa = PBXFileReference; lastKnownFileType = sourcecode.swift; path = Protocol.swift; sourceTree = "<group>"; };
		01BBF72C23C6CD740019AA8C /* MenuOptionCell.swift */ = {isa = PBXFileReference; lastKnownFileType = sourcecode.swift; path = MenuOptionCell.swift; sourceTree = "<group>"; };
		01BBF72E23C6E38F0019AA8C /* MenuOption.swift */ = {isa = PBXFileReference; lastKnownFileType = sourcecode.swift; path = MenuOption.swift; sourceTree = "<group>"; };
		01BBF73023C6EC2F0019AA8C /* SettingController.swift */ = {isa = PBXFileReference; lastKnownFileType = sourcecode.swift; path = SettingController.swift; sourceTree = "<group>"; };
/* End PBXFileReference section */

/* Begin PBXFrameworksBuildPhase section */
		01BBF70623C6BF120019AA8C /* Frameworks */ = {
			isa = PBXFrameworksBuildPhase;
			buildActionMask = 2147483647;
			files = (
			);
			runOnlyForDeploymentPostprocessing = 0;
		};
/* End PBXFrameworksBuildPhase section */

/* Begin PBXGroup section */
		01BBF70023C6BF120019AA8C = {
			isa = PBXGroup;
			children = (
				01BBF70B23C6BF120019AA8C /* SideMenu */,
				01BBF70A23C6BF120019AA8C /* Products */,
			);
			sourceTree = "<group>";
		};
		01BBF70A23C6BF120019AA8C /* Products */ = {
			isa = PBXGroup;
			children = (
				01BBF70923C6BF120019AA8C /* SideMenu.app */,
			);
			name = Products;
			sourceTree = "<group>";
		};
		01BBF70B23C6BF120019AA8C /* SideMenu */ = {
			isa = PBXGroup;
			children = (
				01BBF72323C6BF4A0019AA8C /* Utils */,
				01BBF72223C6BF480019AA8C /* Model */,
				01BBF72123C6BF430019AA8C /* View */,
				01BBF72023C6BF3E0019AA8C /* Controller */,
				01BBF70C23C6BF120019AA8C /* AppDelegate.swift */,
				01BBF70E23C6BF120019AA8C /* SceneDelegate.swift */,
				01BBF71223C6BF120019AA8C /* Main.storyboard */,
				01BBF71523C6BF140019AA8C /* Assets.xcassets */,
				01BBF71723C6BF140019AA8C /* LaunchScreen.storyboard */,
				01BBF71A23C6BF140019AA8C /* Info.plist */,
			);
			path = SideMenu;
			sourceTree = "<group>";
		};
		01BBF72023C6BF3E0019AA8C /* Controller */ = {
			isa = PBXGroup;
			children = (
				01BBF72423C6BF6F0019AA8C /* ContainerController.swift */,
				01BBF72623C6BF770019AA8C /* HomeController.swift */,
				01BBF72823C6BF7F0019AA8C /* MenuController.swift */,
				01BBF73023C6EC2F0019AA8C /* SettingController.swift */,
			);
			path = Controller;
			sourceTree = "<group>";
		};
		01BBF72123C6BF430019AA8C /* View */ = {
			isa = PBXGroup;
			children = (
				01BBF72C23C6CD740019AA8C /* MenuOptionCell.swift */,
			);
			path = View;
			sourceTree = "<group>";
		};
		01BBF72223C6BF480019AA8C /* Model */ = {
			isa = PBXGroup;
			children = (
				01BBF72E23C6E38F0019AA8C /* MenuOption.swift */,
			);
			path = Model;
			sourceTree = "<group>";
		};
		01BBF72323C6BF4A0019AA8C /* Utils */ = {
			isa = PBXGroup;
			children = (
				01BBF72A23C6C62B0019AA8C /* Protocol.swift */,
			);
			path = Utils;
			sourceTree = "<group>";
		};
/* End PBXGroup section */

/* Begin PBXNativeTarget section */
		01BBF70823C6BF120019AA8C /* SideMenu */ = {
			isa = PBXNativeTarget;
			buildConfigurationList = 01BBF71D23C6BF140019AA8C /* Build configuration list for PBXNativeTarget "SideMenu" */;
			buildPhases = (
				01BBF70523C6BF120019AA8C /* Sources */,
				01BBF70623C6BF120019AA8C /* Frameworks */,
				01BBF70723C6BF120019AA8C /* Resources */,
			);
			buildRules = (
			);
			dependencies = (
			);
			name = SideMenu;
			productName = SideMenu;
			productReference = 01BBF70923C6BF120019AA8C /* SideMenu.app */;
			productType = "com.apple.product-type.application";
		};
/* End PBXNativeTarget section */

/* Begin PBXProject section */
		01BBF70123C6BF120019AA8C /* Project object */ = {
			isa = PBXProject;
			attributes = {
				LastSwiftUpdateCheck = 1130;
				LastUpgradeCheck = 1130;
				ORGANIZATIONNAME = hexlant_01;
				TargetAttributes = {
					01BBF70823C6BF120019AA8C = {
						CreatedOnToolsVersion = 11.3;
					};
				};
			};
			buildConfigurationList = 01BBF70423C6BF120019AA8C /* Build configuration list for PBXProject "SideMenu" */;
			compatibilityVersion = "Xcode 9.3";
			developmentRegion = en;
			hasScannedForEncodings = 0;
			knownRegions = (
				en,
				Base,
			);
			mainGroup = 01BBF70023C6BF120019AA8C;
			productRefGroup = 01BBF70A23C6BF120019AA8C /* Products */;
			projectDirPath = "";
			projectRoot = "";
			targets = (
				01BBF70823C6BF120019AA8C /* SideMenu */,
			);
		};
/* End PBXProject section */

/* Begin PBXResourcesBuildPhase section */
		01BBF70723C6BF120019AA8C /* Resources */ = {
			isa = PBXResourcesBuildPhase;
			buildActionMask = 2147483647;
			files = (
				01BBF71923C6BF140019AA8C /* LaunchScreen.storyboard in Resources */,
				01BBF71623C6BF140019AA8C /* Assets.xcassets in Resources */,
				01BBF71423C6BF120019AA8C /* Main.storyboard in Resources */,
			);
			runOnlyForDeploymentPostprocessing = 0;
		};
/* End PBXResourcesBuildPhase section */

/* Begin PBXSourcesBuildPhase section */
		01BBF70523C6BF120019AA8C /* Sources */ = {
			isa = PBXSourcesBuildPhase;
			buildActionMask = 2147483647;
			files = (
				01BBF73123C6EC2F0019AA8C /* SettingController.swift in Sources */,
				01BBF72D23C6CD740019AA8C /* MenuOptionCell.swift in Sources */,
				01BBF72F23C6E38F0019AA8C /* MenuOption.swift in Sources */,
				01BBF70D23C6BF120019AA8C /* AppDelegate.swift in Sources */,
				01BBF70F23C6BF120019AA8C /* SceneDelegate.swift in Sources */,
				01BBF72523C6BF6F0019AA8C /* ContainerController.swift in Sources */,
				01BBF72923C6BF7F0019AA8C /* MenuController.swift in Sources */,
				01BBF72723C6BF770019AA8C /* HomeController.swift in Sources */,
				01BBF72B23C6C62B0019AA8C /* Protocol.swift in Sources */,
			);
			runOnlyForDeploymentPostprocessing = 0;
		};
/* End PBXSourcesBuildPhase section */

/* Begin PBXVariantGroup section */
		01BBF71223C6BF120019AA8C /* Main.storyboard */ = {
			isa = PBXVariantGroup;
			children = (
				01BBF71323C6BF120019AA8C /* Base */,
			);
			name = Main.storyboard;
			sourceTree = "<group>";
		};
		01BBF71723C6BF140019AA8C /* LaunchScreen.storyboard */ = {
			isa = PBXVariantGroup;
			children = (
				01BBF71823C6BF140019AA8C /* Base */,
			);
			name = LaunchScreen.storyboard;
			sourceTree = "<group>";
		};
/* End PBXVariantGroup section */

/* Begin XCBuildConfiguration section */
		01BBF71B23C6BF140019AA8C /* Debug */ = {
			isa = XCBuildConfiguration;
			buildSettings = {
				ALWAYS_SEARCH_USER_PATHS = NO;
				CLANG_ANALYZER_NONNULL = YES;
				CLANG_ANALYZER_NUMBER_OBJECT_CONVERSION = YES_AGGRESSIVE;
				CLANG_CXX_LANGUAGE_STANDARD = "gnu++14";
				CLANG_CXX_LIBRARY = "libc++";
				CLANG_ENABLE_MODULES = YES;
				CLANG_ENABLE_OBJC_ARC = YES;
				CLANG_ENABLE_OBJC_WEAK = YES;
				CLANG_WARN_BLOCK_CAPTURE_AUTORELEASING = YES;
				CLANG_WARN_BOOL_CONVERSION = YES;
				CLANG_WARN_COMMA = YES;
				CLANG_WARN_CONSTANT_CONVERSION = YES;
				CLANG_WARN_DEPRECATED_OBJC_IMPLEMENTATIONS = YES;
				CLANG_WARN_DIRECT_OBJC_ISA_USAGE = YES_ERROR;
				CLANG_WARN_DOCUMENTATION_COMMENTS = YES;
				CLANG_WARN_EMPTY_BODY = YES;
				CLANG_WARN_ENUM_CONVERSION = YES;
				CLANG_WARN_INFINITE_RECURSION = YES;
				CLANG_WARN_INT_CONVERSION = YES;
				CLANG_WARN_NON_LITERAL_NULL_CONVERSION = YES;
				CLANG_WARN_OBJC_IMPLICIT_RETAIN_SELF = YES;
				CLANG_WARN_OBJC_LITERAL_CONVERSION = YES;
				CLANG_WARN_OBJC_ROOT_CLASS = YES_ERROR;
				CLANG_WARN_RANGE_LOOP_ANALYSIS = YES;
				CLANG_WARN_STRICT_PROTOTYPES = YES;
				CLANG_WARN_SUSPICIOUS_MOVE = YES;
				CLANG_WARN_UNGUARDED_AVAILABILITY = YES_AGGRESSIVE;
				CLANG_WARN_UNREACHABLE_CODE = YES;
				CLANG_WARN__DUPLICATE_METHOD_MATCH = YES;
				COPY_PHASE_STRIP = NO;
				DEBUG_INFORMATION_FORMAT = dwarf;
				ENABLE_STRICT_OBJC_MSGSEND = YES;
				ENABLE_TESTABILITY = YES;
				GCC_C_LANGUAGE_STANDARD = gnu11;
				GCC_DYNAMIC_NO_PIC = NO;
				GCC_NO_COMMON_BLOCKS = YES;
				GCC_OPTIMIZATION_LEVEL = 0;
				GCC_PREPROCESSOR_DEFINITIONS = (
					"DEBUG=1",
					"$(inherited)",
				);
				GCC_WARN_64_TO_32_BIT_CONVERSION = YES;
				GCC_WARN_ABOUT_RETURN_TYPE = YES_ERROR;
				GCC_WARN_UNDECLARED_SELECTOR = YES;
				GCC_WARN_UNINITIALIZED_AUTOS = YES_AGGRESSIVE;
				GCC_WARN_UNUSED_FUNCTION = YES;
				GCC_WARN_UNUSED_VARIABLE = YES;
				IPHONEOS_DEPLOYMENT_TARGET = 13.2;
				MTL_ENABLE_DEBUG_INFO = INCLUDE_SOURCE;
				MTL_FAST_MATH = YES;
				ONLY_ACTIVE_ARCH = YES;
				SDKROOT = iphoneos;
				SWIFT_ACTIVE_COMPILATION_CONDITIONS = DEBUG;
				SWIFT_OPTIMIZATION_LEVEL = "-Onone";
			};
			name = Debug;
		};
		01BBF71C23C6BF140019AA8C /* Release */ = {
			isa = XCBuildConfiguration;
			buildSettings = {
				ALWAYS_SEARCH_USER_PATHS = NO;
				CLANG_ANALYZER_NONNULL = YES;
				CLANG_ANALYZER_NUMBER_OBJECT_CONVERSION = YES_AGGRESSIVE;
				CLANG_CXX_LANGUAGE_STANDARD = "gnu++14";
				CLANG_CXX_LIBRARY = "libc++";
				CLANG_ENABLE_MODULES = YES;
				CLANG_ENABLE_OBJC_ARC = YES;
				CLANG_ENABLE_OBJC_WEAK = YES;
				CLANG_WARN_BLOCK_CAPTURE_AUTORELEASING = YES;
				CLANG_WARN_BOOL_CONVERSION = YES;
				CLANG_WARN_COMMA = YES;
				CLANG_WARN_CONSTANT_CONVERSION = YES;
				CLANG_WARN_DEPRECATED_OBJC_IMPLEMENTATIONS = YES;
				CLANG_WARN_DIRECT_OBJC_ISA_USAGE = YES_ERROR;
				CLANG_WARN_DOCUMENTATION_COMMENTS = YES;
				CLANG_WARN_EMPTY_BODY = YES;
				CLANG_WARN_ENUM_CONVERSION = YES;
				CLANG_WARN_INFINITE_RECURSION = YES;
				CLANG_WARN_INT_CONVERSION = YES;
				CLANG_WARN_NON_LITERAL_NULL_CONVERSION = YES;
				CLANG_WARN_OBJC_IMPLICIT_RETAIN_SELF = YES;
				CLANG_WARN_OBJC_LITERAL_CONVERSION = YES;
				CLANG_WARN_OBJC_ROOT_CLASS = YES_ERROR;
				CLANG_WARN_RANGE_LOOP_ANALYSIS = YES;
				CLANG_WARN_STRICT_PROTOTYPES = YES;
				CLANG_WARN_SUSPICIOUS_MOVE = YES;
				CLANG_WARN_UNGUARDED_AVAILABILITY = YES_AGGRESSIVE;
				CLANG_WARN_UNREACHABLE_CODE = YES;
				CLANG_WARN__DUPLICATE_METHOD_MATCH = YES;
				COPY_PHASE_STRIP = NO;
				DEBUG_INFORMATION_FORMAT = "dwarf-with-dsym";
				ENABLE_NS_ASSERTIONS = NO;
				ENABLE_STRICT_OBJC_MSGSEND = YES;
				GCC_C_LANGUAGE_STANDARD = gnu11;
				GCC_NO_COMMON_BLOCKS = YES;
				GCC_WARN_64_TO_32_BIT_CONVERSION = YES;
				GCC_WARN_ABOUT_RETURN_TYPE = YES_ERROR;
				GCC_WARN_UNDECLARED_SELECTOR = YES;
				GCC_WARN_UNINITIALIZED_AUTOS = YES_AGGRESSIVE;
				GCC_WARN_UNUSED_FUNCTION = YES;
				GCC_WARN_UNUSED_VARIABLE = YES;
				IPHONEOS_DEPLOYMENT_TARGET = 13.2;
				MTL_ENABLE_DEBUG_INFO = NO;
				MTL_FAST_MATH = YES;
				SDKROOT = iphoneos;
				SWIFT_COMPILATION_MODE = wholemodule;
				SWIFT_OPTIMIZATION_LEVEL = "-O";
				VALIDATE_PRODUCT = YES;
			};
			name = Release;
		};
		01BBF71E23C6BF140019AA8C /* Debug */ = {
			isa = XCBuildConfiguration;
			buildSettings = {
				ASSETCATALOG_COMPILER_APPICON_NAME = AppIcon;
				CODE_SIGN_STYLE = Automatic;
				INFOPLIST_FILE = SideMenu/Info.plist;
				LD_RUNPATH_SEARCH_PATHS = (
					"$(inherited)",
					"@executable_path/Frameworks",
				);
				PRODUCT_BUNDLE_IDENTIFIER = com.hexlant.SideMenu;
				PRODUCT_NAME = "$(TARGET_NAME)";
				SWIFT_VERSION = 5.0;
				TARGETED_DEVICE_FAMILY = "1,2";
			};
			name = Debug;
		};
		01BBF71F23C6BF140019AA8C /* Release */ = {
			isa = XCBuildConfiguration;
			buildSettings = {
				ASSETCATALOG_COMPILER_APPICON_NAME = AppIcon;
				CODE_SIGN_STYLE = Automatic;
				INFOPLIST_FILE = SideMenu/Info.plist;
				LD_RUNPATH_SEARCH_PATHS = (
					"$(inherited)",
					"@executable_path/Frameworks",
				);
				PRODUCT_BUNDLE_IDENTIFIER = com.hexlant.SideMenu;
				PRODUCT_NAME = "$(TARGET_NAME)";
				SWIFT_VERSION = 5.0;
				TARGETED_DEVICE_FAMILY = "1,2";
			};
			name = Release;
		};
/* End XCBuildConfiguration section */

/* Begin XCConfigurationList section */
		01BBF70423C6BF120019AA8C /* Build configuration list for PBXProject "SideMenu" */ = {
			isa = XCConfigurationList;
			buildConfigurations = (
				01BBF71B23C6BF140019AA8C /* Debug */,
				01BBF71C23C6BF140019AA8C /* Release */,
			);
			defaultConfigurationIsVisible = 0;
			defaultConfigurationName = Release;
		};
		01BBF71D23C6BF140019AA8C /* Build configuration list for PBXNativeTarget "SideMenu" */ = {
			isa = XCConfigurationList;
			buildConfigurations = (
				01BBF71E23C6BF140019AA8C /* Debug */,
				01BBF71F23C6BF140019AA8C /* Release */,
			);
			defaultConfigurationIsVisible = 0;
			defaultConfigurationName = Release;
		};
/* End XCConfigurationList section */
	};
	rootObject = 01BBF70123C6BF120019AA8C /* Project object */;
}
